
Microsoft Visual Studio Solution File, Format Version 12.00
# Visual Studio Version 17
VisualStudioVersion = 17.5.002.0
MinimumVisualStudioVersion = 10.0.40219.1
Project("{9A19103F-16F7-4668-BE54-9A1E7A4F7556}") = "ReimbursementClaim", "ReimbursementClaim.csproj", "{E468D535-17AC-4B2F-B81D-A9A5C71E3A6F}"
EndProject
Project("{9A19103F-16F7-4668-BE54-9A1E7A4F7556}") = "Reimbursement.Tests", "Reimbursement.Tests\Reimbursement.Tests.csproj", "{A7F264DE-FA06-40FE-A010-82FC5930ADF2}"
EndProject
Global
	GlobalSection(SolutionConfigurationPlatforms) = preSolution
		Debug|Any CPU = Debug|Any CPU
		Release|Any CPU = Release|Any CPU
	EndGlobalSection
	GlobalSection(ProjectConfigurationPlatforms) = postSolution
		{E468D535-17AC-4B2F-B81D-A9A5C71E3A6F}.Debug|Any CPU.ActiveCfg = Debug|Any CPU
		{E468D535-17AC-4B2F-B81D-A9A5C71E3A6F}.Debug|Any CPU.Build.0 = Debug|Any CPU
		{E468D535-17AC-4B2F-B81D-A9A5C71E3A6F}.Release|Any CPU.ActiveCfg = Release|Any CPU
		{E468D535-17AC-4B2F-B81D-A9A5C71E3A6F}.Release|Any CPU.Build.0 = Release|Any CPU
		{A7F264DE-FA06-40FE-A010-82FC5930ADF2}.Debug|Any CPU.ActiveCfg = Debug|Any CPU
		{A7F264DE-FA06-40FE-A010-82FC5930ADF2}.Debug|Any CPU.Build.0 = Debug|Any CPU
		{A7F264DE-FA06-40FE-A010-82FC5930ADF2}.Release|Any CPU.ActiveCfg = Release|Any CPU
		{A7F264DE-FA06-40FE-A010-82FC5930ADF2}.Release|Any CPU.Build.0 = Release|Any CPU
	EndGlobalSection
	GlobalSection(SolutionProperties) = preSolution
		HideSolutionNode = FALSE
	EndGlobalSection
	GlobalSection(ExtensibilityGlobals) = postSolution
		SolutionGuid = {DE6B143C-81B3-4BC2-BAED-333C18F97F2D}
	EndGlobalSection
EndGlobal
